{
  "name": "@cothema/ngx-nlp-sdk",
  "version": "0.0.17",
  "lockfileVersion": 1,
  "requires": true,
  "dependencies": {
    "@angular/common": {
      "version": "11.2.7",
      "resolved": "https://registry.npmjs.org/@angular/common/-/common-11.2.7.tgz",
      "integrity": "sha512-+bz/0TYzl/CiQCS1L2iwC7uiV+d+PnhvCs6scu66YKnBK2gSKxdypZZ3UZNbWDyYonAYmghEt+xHvKVpZgzhbw==",
      "requires": {
        "tslib": "^2.0.0"
      }
    },
    "@angular/core": {
      "version": "11.2.7",
      "resolved": "https://registry.npmjs.org/@angular/core/-/core-11.2.7.tgz",
      "integrity": "sha512-d/d8mPh90eEs01eWzR2sNOD6aVsv69DCeYWDdNqABe+AnrE/xmNvggeAOMcREEwQB9e6liJgmHbMLktVaMhqyg==",
      "requires": {
        "tslib": "^2.0.0"
      }
    },
    "@cothema/nlp-core": {
      "version": "0.0.16",
      "resolved": "https://registry.npmjs.org/@cothema/nlp-core/-/nlp-core-0.0.16.tgz",
      "integrity": "sha512-sNhDVRZOp4pU2M/zlkpEaMCsHWudf9LIyth+v1GzGLnWElMi7gZgW4bV/eaqsb5ASRqxdHMcCUdjd7I5osLIzQ==",
      "requires": {
        "@cothema/nlp-model": "^0.0.16"
      }
    },
    "@cothema/nlp-lang": {
      "version": "0.0.16",
      "resolved": "https://registry.npmjs.org/@cothema/nlp-lang/-/nlp-lang-0.0.16.tgz",
      "integrity": "sha512-+sp8UHVj0434Dbva1TOQO0GsHvbfflwy/UrPmpuTO4vZMGf5J6RhrrbF2X4Sd08Zf6RY5H8xuzfvfl39xSKscw==",
      "requires": {
        "@cothema/nlp-core": "^0.0.16"
      }
    },
    "@cothema/nlp-model": {
      "version": "0.0.16",
      "resolved": "https://registry.npmjs.org/@cothema/nlp-model/-/nlp-model-0.0.16.tgz",
      "integrity": "sha512-M/9ewv1qW6vjVBWaXR1gOL9qFf9mSf1ABf4dA9B4st3yBJQLLZmVOJvmpy0Ar2NXw7ztDsfz+EjZtOLL+n0AcQ=="
    },
    "tslib": {
      "version": "2.1.0",
      "resolved": "https://registry.npmjs.org/tslib/-/tslib-2.1.0.tgz",
      "integrity": "sha512-hcVC3wYEziELGGmEEXue7D75zbwIIVUMWAVbHItGPx0ziyXxrOMQx4rQEVEV45Ut/1IotuEvwqPopzIOkDMf0A=="
    }
  }
}
