{
  "name": "@cothema/nlp-core",
  "version": "0.0.13",
  "lockfileVersion": 1,
  "requires": true,
  "dependencies": {
    "@cothema/nlp-model": {
      "version": "0.0.13",
      "resolved": "https://registry.npmjs.org/@cothema/nlp-model/-/nlp-model-0.0.13.tgz",
      "integrity": "sha512-gHWYiNj/+GxU3J/a1cX3veS9j5aIetDYzsVEjXnvlRSQ1baI3E638Ckt3jSERwtQaFOyiTlekC2MtkadS6i9Jw=="
    }
  }
}
