{
  "name": "@cothema/nlp-core",
  "version": "0.0.16",
  "lockfileVersion": 1,
  "requires": true,
  "dependencies": {
    "@cothema/nlp-model": {
      "version": "0.0.14",
      "resolved": "https://registry.npmjs.org/@cothema/nlp-model/-/nlp-model-0.0.14.tgz",
      "integrity": "sha512-qnEGSwPWt/OJ0m+1XVgaT5D79Xkp1kOUqoTlqrUiH2P5gyMZi6Lfx8Z0uFRqqXjx3+DTjALUZlpFipoicTqFCw=="
    }
  }
}
