{
  "name": "@cothema/nlp-lang",
  "version": "0.0.14",
  "lockfileVersion": 1,
  "requires": true,
  "dependencies": {
    "@cothema/nlp-core": {
      "version": "0.0.14",
      "resolved": "https://registry.npmjs.org/@cothema/nlp-core/-/nlp-core-0.0.14.tgz",
      "integrity": "sha512-MzkoQP7EWJB/Z86btspmZKz+biNYkZV5tiNe5jmtbJfsha5PvbDlVXcvUdf7mDLn8wX1KjGEgkM2V/4Vvo1aJw==",
      "requires": {
        "@cothema/nlp-model": "^0.0.14"
      }
    },
    "@cothema/nlp-model": {
      "version": "0.0.14",
      "resolved": "https://registry.npmjs.org/@cothema/nlp-model/-/nlp-model-0.0.14.tgz",
      "integrity": "sha512-qnEGSwPWt/OJ0m+1XVgaT5D79Xkp1kOUqoTlqrUiH2P5gyMZi6Lfx8Z0uFRqqXjx3+DTjALUZlpFipoicTqFCw=="
    }
  }
}
